// !$*UTF8*$!
{
	archiveVersion = 1;
	classes = {
	};
	objectVersion = 55;
	objects = {

/* Begin PBXBuildFile section */
		B59FBBEC2893DE7F00BE2449 /* AppDelegate.m in Sources */ = {isa = PBXBuildFile; fileRef = B59FBBEB2893DE7F00BE2449 /* AppDelegate.m */; };
		B59FBBEF2893DE7F00BE2449 /* SceneDelegate.m in Sources */ = {isa = PBXBuildFile; fileRef = B59FBBEE2893DE7F00BE2449 /* SceneDelegate.m */; };
		B59FBBF22893DE7F00BE2449 /* ViewController.m in Sources */ = {isa = PBXBuildFile; fileRef = B59FBBF12893DE7F00BE2449 /* ViewController.m */; };
		B59FBBF52893DE7F00BE2449 /* Main.storyboard in Resources */ = {isa = PBXBuildFile; fileRef = B59FBBF32893DE7F00BE2449 /* Main.storyboard */; };
		B59FBBF72893DE8000BE2449 /* Assets.xcassets in Resources */ = {isa = PBXBuildFile; fileRef = B59FBBF62893DE8000BE2449 /* Assets.xcassets */; };
		B59FBBFA2893DE8000BE2449 /* LaunchScreen.storyboard in Resources */ = {isa = PBXBuildFile; fileRef = B59FBBF82893DE8000BE2449 /* LaunchScreen.storyboard */; };
		B59FBBFD2893DE8000BE2449 /* main.m in Sources */ = {isa = PBXBuildFile; fileRef = B59FBBFC2893DE8000BE2449 /* main.m */; };
		B59FBC052893E1BC00BE2449 /* WiLinkIOSSmartLink.framework in Frameworks */ = {isa = PBXBuildFile; fileRef = B59FBC042893E1BC00BE2449 /* WiLinkIOSSmartLink.framework */; };
		B59FBC062893E1BC00BE2449 /* WiLinkIOSSmartLink.framework in Embed Frameworks */ = {isa = PBXBuildFile; fileRef = B59FBC042893E1BC00BE2449 /* WiLinkIOSSmartLink.framework */; settings = {ATTRIBUTES = (CodeSignOnCopy, RemoveHeadersOnCopy, ); }; };
/* End PBXBuildFile section */

/* Begin PBXCopyFilesBuildPhase section */
		B59FBC072893E1BC00BE2449 /* Embed Frameworks */ = {
			isa = PBXCopyFilesBuildPhase;
			buildActionMask = 2147483647;
			dstPath = "";
			dstSubfolderSpec = 10;
			files = (
				B59FBC062893E1BC00BE2449 /* WiLinkIOSSmartLink.framework in Embed Frameworks */,
			);
			name = "Embed Frameworks";
			runOnlyForDeploymentPostprocessing = 0;
		};
/* End PBXCopyFilesBuildPhase section */

/* Begin PBXFileReference section */
		B59FBBE72893DE7F00BE2449 /* WiLinkIOSSmartLinkExample.app */ = {isa = PBXFileReference; explicitFileType = wrapper.application; includeInIndex = 0; path = WiLinkIOSSmartLinkExample.app; sourceTree = BUILT_PRODUCTS_DIR; };
		B59FBBEA2893DE7F00BE2449 /* AppDelegate.h */ = {isa = PBXFileReference; lastKnownFileType = sourcecode.c.h; path = AppDelegate.h; sourceTree = "<group>"; };
		B59FBBEB2893DE7F00BE2449 /* AppDelegate.m */ = {isa = PBXFileReference; lastKnownFileType = sourcecode.c.objc; path = AppDelegate.m; sourceTree = "<group>"; };
		B59FBBED2893DE7F00BE2449 /* SceneDelegate.h */ = {isa = PBXFileReference; lastKnownFileType = sourcecode.c.h; path = SceneDelegate.h; sourceTree = "<group>"; };
		B59FBBEE2893DE7F00BE2449 /* SceneDelegate.m */ = {isa = PBXFileReference; lastKnownFileType = sourcecode.c.objc; path = SceneDelegate.m; sourceTree = "<group>"; };
		B59FBBF02893DE7F00BE2449 /* ViewController.h */ = {isa = PBXFileReference; lastKnownFileType = sourcecode.c.h; path = ViewController.h; sourceTree = "<group>"; };
		B59FBBF12893DE7F00BE2449 /* ViewController.m */ = {isa = PBXFileReference; lastKnownFileType = sourcecode.c.objc; path = ViewController.m; sourceTree = "<group>"; };
		B59FBBF42893DE7F00BE2449 /* Base */ = {isa = PBXFileReference; lastKnownFileType = file.storyboard; name = Base; path = Base.lproj/Main.storyboard; sourceTree = "<group>"; };
		B59FBBF62893DE8000BE2449 /* Assets.xcassets */ = {isa = PBXFileReference; lastKnownFileType = folder.assetcatalog; path = Assets.xcassets; sourceTree = "<group>"; };
		B59FBBF92893DE8000BE2449 /* Base */ = {isa = PBXFileReference; lastKnownFileType = file.storyboard; name = Base; path = Base.lproj/LaunchScreen.storyboard; sourceTree = "<group>"; };
		B59FBBFB2893DE8000BE2449 /* Info.plist */ = {isa = PBXFileReference; lastKnownFileType = text.plist.xml; path = Info.plist; sourceTree = "<group>"; };
		B59FBBFC2893DE8000BE2449 /* main.m */ = {isa = PBXFileReference; lastKnownFileType = sourcecode.c.objc; path = main.m; sourceTree = "<group>"; };
		B59FBC042893E1BC00BE2449 /* WiLinkIOSSmartLink.framework */ = {isa = PBXFileReference; explicitFileType = wrapper.framework; path = WiLinkIOSSmartLink.framework; sourceTree = BUILT_PRODUCTS_DIR; };
/* End PBXFileReference section */

/* Begin PBXFrameworksBuildPhase section */
		B59FBBE42893DE7F00BE2449 /* Frameworks */ = {
			isa = PBXFrameworksBuildPhase;
			buildActionMask = 2147483647;
			files = (
				B59FBC052893E1BC00BE2449 /* WiLinkIOSSmartLink.framework in Frameworks */,
			);
			runOnlyForDeploymentPostprocessing = 0;
		};
/* End PBXFrameworksBuildPhase section */

/* Begin PBXGroup section */
		B59FBBDE2893DE7F00BE2449 = {
			isa = PBXGroup;
			children = (
				B59FBBE92893DE7F00BE2449 /* WiLinkIOSSmartLinkExample */,
				B59FBBE82893DE7F00BE2449 /* Products */,
				B59FBC032893E1BC00BE2449 /* Frameworks */,
			);
			sourceTree = "<group>";
		};
		B59FBBE82893DE7F00BE2449 /* Products */ = {
			isa = PBXGroup;
			children = (
				B59FBBE72893DE7F00BE2449 /* WiLinkIOSSmartLinkExample.app */,
			);
			name = Products;
			sourceTree = "<group>";
		};
		B59FBBE92893DE7F00BE2449 /* WiLinkIOSSmartLinkExample */ = {
			isa = PBXGroup;
			children = (
				B59FBBEA2893DE7F00BE2449 /* AppDelegate.h */,
				B59FBBEB2893DE7F00BE2449 /* AppDelegate.m */,
				B59FBBED2893DE7F00BE2449 /* SceneDelegate.h */,
				B59FBBEE2893DE7F00BE2449 /* SceneDelegate.m */,
				B59FBBF02893DE7F00BE2449 /* ViewController.h */,
				B59FBBF12893DE7F00BE2449 /* ViewController.m */,
				B59FBBF32893DE7F00BE2449 /* Main.storyboard */,
				B59FBBF62893DE8000BE2449 /* Assets.xcassets */,
				B59FBBF82893DE8000BE2449 /* LaunchScreen.storyboard */,
				B59FBBFB2893DE8000BE2449 /* Info.plist */,
				B59FBBFC2893DE8000BE2449 /* main.m */,
			);
			path = WiLinkIOSSmartLinkExample;
			sourceTree = "<group>";
		};
		B59FBC032893E1BC00BE2449 /* Frameworks */ = {
			isa = PBXGroup;
			children = (
				B59FBC042893E1BC00BE2449 /* WiLinkIOSSmartLink.framework */,
			);
			name = Frameworks;
			sourceTree = "<group>";
		};
/* End PBXGroup section */

/* Begin PBXNativeTarget section */
		B59FBBE62893DE7F00BE2449 /* WiLinkIOSSmartLinkExample */ = {
			isa = PBXNativeTarget;
			buildConfigurationList = B59FBC002893DE8000BE2449 /* Build configuration list for PBXNativeTarget "WiLinkIOSSmartLinkExample" */;
			buildPhases = (
				B59FBBE32893DE7F00BE2449 /* Sources */,
				B59FBBE42893DE7F00BE2449 /* Frameworks */,
				B59FBBE52893DE7F00BE2449 /* Resources */,
				B59FBC072893E1BC00BE2449 /* Embed Frameworks */,
			);
			buildRules = (
			);
			dependencies = (
			);
			name = WiLinkIOSSmartLinkExample;
			productName = WiLinkIOSSmartLinkExample;
			productReference = B59FBBE72893DE7F00BE2449 /* WiLinkIOSSmartLinkExample.app */;
			productType = "com.apple.product-type.application";
		};
/* End PBXNativeTarget section */

/* Begin PBXProject section */
		B59FBBDF2893DE7F00BE2449 /* Project object */ = {
			isa = PBXProject;
			attributes = {
				BuildIndependentTargetsInParallel = 1;
				LastUpgradeCheck = 1340;
				TargetAttributes = {
					B59FBBE62893DE7F00BE2449 = {
						CreatedOnToolsVersion = 13.4.1;
					};
				};
			};
			buildConfigurationList = B59FBBE22893DE7F00BE2449 /* Build configuration list for PBXProject "WiLinkIOSSmartLinkExample" */;
			compatibilityVersion = "Xcode 13.0";
			developmentRegion = en;
			hasScannedForEncodings = 0;
			knownRegions = (
				en,
				Base,
			);
			mainGroup = B59FBBDE2893DE7F00BE2449;
			productRefGroup = B59FBBE82893DE7F00BE2449 /* Products */;
			projectDirPath = "";
			projectRoot = "";
			targets = (
				B59FBBE62893DE7F00BE2449 /* WiLinkIOSSmartLinkExample */,
			);
		};
/* End PBXProject section */

/* Begin PBXResourcesBuildPhase section */
		B59FBBE52893DE7F00BE2449 /* Resources */ = {
			isa = PBXResourcesBuildPhase;
			buildActionMask = 2147483647;
			files = (
				B59FBBFA2893DE8000BE2449 /* LaunchScreen.storyboard in Resources */,
				B59FBBF72893DE8000BE2449 /* Assets.xcassets in Resources */,
				B59FBBF52893DE7F00BE2449 /* Main.storyboard in Resources */,
			);
			runOnlyForDeploymentPostprocessing = 0;
		};
/* End PBXResourcesBuildPhase section */

/* Begin PBXSourcesBuildPhase section */
		B59FBBE32893DE7F00BE2449 /* Sources */ = {
			isa = PBXSourcesBuildPhase;
			buildActionMask = 2147483647;
			files = (
				B59FBBF22893DE7F00BE2449 /* ViewController.m in Sources */,
				B59FBBEC2893DE7F00BE2449 /* AppDelegate.m in Sources */,
				B59FBBFD2893DE8000BE2449 /* main.m in Sources */,
				B59FBBEF2893DE7F00BE2449 /* SceneDelegate.m in Sources */,
			);
			runOnlyForDeploymentPostprocessing = 0;
		};
/* End PBXSourcesBuildPhase section */

/* Begin PBXVariantGroup section */
		B59FBBF32893DE7F00BE2449 /* Main.storyboard */ = {
			isa = PBXVariantGroup;
			children = (
				B59FBBF42893DE7F00BE2449 /* Base */,
			);
			name = Main.storyboard;
			sourceTree = "<group>";
		};
		B59FBBF82893DE8000BE2449 /* LaunchScreen.storyboard */ = {
			isa = PBXVariantGroup;
			children = (
				B59FBBF92893DE8000BE2449 /* Base */,
			);
			name = LaunchScreen.storyboard;
			sourceTree = "<group>";
		};
/* End PBXVariantGroup section */

/* Begin XCBuildConfiguration section */
		B59FBBFE2893DE8000BE2449 /* Debug */ = {
			isa = XCBuildConfiguration;
			buildSettings = {
				ALWAYS_SEARCH_USER_PATHS = NO;
				CLANG_ANALYZER_NONNULL = YES;
				CLANG_ANALYZER_NUMBER_OBJECT_CONVERSION = YES_AGGRESSIVE;
				CLANG_CXX_LANGUAGE_STANDARD = "gnu++17";
				CLANG_ENABLE_MODULES = YES;
				CLANG_ENABLE_OBJC_ARC = YES;
				CLANG_ENABLE_OBJC_WEAK = YES;
				CLANG_WARN_BLOCK_CAPTURE_AUTORELEASING = YES;
				CLANG_WARN_BOOL_CONVERSION = YES;
				CLANG_WARN_COMMA = YES;
				CLANG_WARN_CONSTANT_CONVERSION = YES;
				CLANG_WARN_DEPRECATED_OBJC_IMPLEMENTATIONS = YES;
				CLANG_WARN_DIRECT_OBJC_ISA_USAGE = YES_ERROR;
				CLANG_WARN_DOCUMENTATION_COMMENTS = YES;
				CLANG_WARN_EMPTY_BODY = YES;
				CLANG_WARN_ENUM_CONVERSION = YES;
				CLANG_WARN_INFINITE_RECURSION = YES;
				CLANG_WARN_INT_CONVERSION = YES;
				CLANG_WARN_NON_LITERAL_NULL_CONVERSION = YES;
				CLANG_WARN_OBJC_IMPLICIT_RETAIN_SELF = YES;
				CLANG_WARN_OBJC_LITERAL_CONVERSION = YES;
				CLANG_WARN_OBJC_ROOT_CLASS = YES_ERROR;
				CLANG_WARN_QUOTED_INCLUDE_IN_FRAMEWORK_HEADER = YES;
				CLANG_WARN_RANGE_LOOP_ANALYSIS = YES;
				CLANG_WARN_STRICT_PROTOTYPES = YES;
				CLANG_WARN_SUSPICIOUS_MOVE = YES;
				CLANG_WARN_UNGUARDED_AVAILABILITY = YES_AGGRESSIVE;
				CLANG_WARN_UNREACHABLE_CODE = YES;
				CLANG_WARN__DUPLICATE_METHOD_MATCH = YES;
				COPY_PHASE_STRIP = NO;
				DEBUG_INFORMATION_FORMAT = dwarf;
				ENABLE_STRICT_OBJC_MSGSEND = YES;
				ENABLE_TESTABILITY = YES;
				GCC_C_LANGUAGE_STANDARD = gnu11;
				GCC_DYNAMIC_NO_PIC = NO;
				GCC_NO_COMMON_BLOCKS = YES;
				GCC_OPTIMIZATION_LEVEL = 0;
				GCC_PREPROCESSOR_DEFINITIONS = (
					"DEBUG=1",
					"$(inherited)",
				);
				GCC_WARN_64_TO_32_BIT_CONVERSION = YES;
				GCC_WARN_ABOUT_RETURN_TYPE = YES_ERROR;
				GCC_WARN_UNDECLARED_SELECTOR = YES;
				GCC_WARN_UNINITIALIZED_AUTOS = YES_AGGRESSIVE;
				GCC_WARN_UNUSED_FUNCTION = YES;
				GCC_WARN_UNUSED_VARIABLE = YES;
				IPHONEOS_DEPLOYMENT_TARGET = 15.5;
				MTL_ENABLE_DEBUG_INFO = INCLUDE_SOURCE;
				MTL_FAST_MATH = YES;
				ONLY_ACTIVE_ARCH = YES;
				SDKROOT = iphoneos;
			};
			name = Debug;
		};
		B59FBBFF2893DE8000BE2449 /* Release */ = {
			isa = XCBuildConfiguration;
			buildSettings = {
				ALWAYS_SEARCH_USER_PATHS = NO;
				CLANG_ANALYZER_NONNULL = YES;
				CLANG_ANALYZER_NUMBER_OBJECT_CONVERSION = YES_AGGRESSIVE;
				CLANG_CXX_LANGUAGE_STANDARD = "gnu++17";
				CLANG_ENABLE_MODULES = YES;
				CLANG_ENABLE_OBJC_ARC = YES;
				CLANG_ENABLE_OBJC_WEAK = YES;
				CLANG_WARN_BLOCK_CAPTURE_AUTORELEASING = YES;
				CLANG_WARN_BOOL_CONVERSION = YES;
				CLANG_WARN_COMMA = YES;
				CLANG_WARN_CONSTANT_CONVERSION = YES;
				CLANG_WARN_DEPRECATED_OBJC_IMPLEMENTATIONS = YES;
				CLANG_WARN_DIRECT_OBJC_ISA_USAGE = YES_ERROR;
				CLANG_WARN_DOCUMENTATION_COMMENTS = YES;
				CLANG_WARN_EMPTY_BODY = YES;
				CLANG_WARN_ENUM_CONVERSION = YES;
				CLANG_WARN_INFINITE_RECURSION = YES;
				CLANG_WARN_INT_CONVERSION = YES;
				CLANG_WARN_NON_LITERAL_NULL_CONVERSION = YES;
				CLANG_WARN_OBJC_IMPLICIT_RETAIN_SELF = YES;
				CLANG_WARN_OBJC_LITERAL_CONVERSION = YES;
				CLANG_WARN_OBJC_ROOT_CLASS = YES_ERROR;
				CLANG_WARN_QUOTED_INCLUDE_IN_FRAMEWORK_HEADER = YES;
				CLANG_WARN_RANGE_LOOP_ANALYSIS = YES;
				CLANG_WARN_STRICT_PROTOTYPES = YES;
				CLANG_WARN_SUSPICIOUS_MOVE = YES;
				CLANG_WARN_UNGUARDED_AVAILABILITY = YES_AGGRESSIVE;
				CLANG_WARN_UNREACHABLE_CODE = YES;
				CLANG_WARN__DUPLICATE_METHOD_MATCH = YES;
				COPY_PHASE_STRIP = NO;
				DEBUG_INFORMATION_FORMAT = "dwarf-with-dsym";
				ENABLE_NS_ASSERTIONS = NO;
				ENABLE_STRICT_OBJC_MSGSEND = YES;
				GCC_C_LANGUAGE_STANDARD = gnu11;
				GCC_NO_COMMON_BLOCKS = YES;
				GCC_WARN_64_TO_32_BIT_CONVERSION = YES;
				GCC_WARN_ABOUT_RETURN_TYPE = YES_ERROR;
				GCC_WARN_UNDECLARED_SELECTOR = YES;
				GCC_WARN_UNINITIALIZED_AUTOS = YES_AGGRESSIVE;
				GCC_WARN_UNUSED_FUNCTION = YES;
				GCC_WARN_UNUSED_VARIABLE = YES;
				IPHONEOS_DEPLOYMENT_TARGET = 15.5;
				MTL_ENABLE_DEBUG_INFO = NO;
				MTL_FAST_MATH = YES;
				SDKROOT = iphoneos;
				VALIDATE_PRODUCT = YES;
			};
			name = Release;
		};
		B59FBC012893DE8000BE2449 /* Debug */ = {
			isa = XCBuildConfiguration;
			buildSettings = {
				ASSETCATALOG_COMPILER_APPICON_NAME = AppIcon;
				ASSETCATALOG_COMPILER_GLOBAL_ACCENT_COLOR_NAME = AccentColor;
				CODE_SIGN_STYLE = Automatic;
				CURRENT_PROJECT_VERSION = 1;
				DEVELOPMENT_TEAM = G5XMK8GS2L;
				GENERATE_INFOPLIST_FILE = YES;
				INFOPLIST_FILE = WiLinkIOSSmartLinkExample/Info.plist;
				INFOPLIST_KEY_UIApplicationSupportsIndirectInputEvents = YES;
				INFOPLIST_KEY_UILaunchStoryboardName = LaunchScreen;
				INFOPLIST_KEY_UIMainStoryboardFile = Main;
				INFOPLIST_KEY_UISupportedInterfaceOrientations = UIInterfaceOrientationPortrait;
				INFOPLIST_KEY_UISupportedInterfaceOrientations_iPad = "UIInterfaceOrientationPortrait UIInterfaceOrientationPortraitUpsideDown UIInterfaceOrientationLandscapeLeft UIInterfaceOrientationLandscapeRight";
				INFOPLIST_KEY_UISupportedInterfaceOrientations_iPhone = "UIInterfaceOrientationPortrait UIInterfaceOrientationLandscapeLeft UIInterfaceOrientationLandscapeRight";
				LD_RUNPATH_SEARCH_PATHS = (
					"$(inherited)",
					"@executable_path/Frameworks",
				);
				MARKETING_VERSION = 1.0;
				PRODUCT_BUNDLE_IDENTIFIER = com.sentray..WiLinkIOSSmartLinkExample;
				PRODUCT_NAME = "$(TARGET_NAME)";
				SWIFT_EMIT_LOC_STRINGS = YES;
				TARGETED_DEVICE_FAMILY = 1;
			};
			name = Debug;
		};
		B59FBC022893DE8000BE2449 /* Release */ = {
			isa = XCBuildConfiguration;
			buildSettings = {
				ASSETCATALOG_COMPILER_APPICON_NAME = AppIcon;
				ASSETCATALOG_COMPILER_GLOBAL_ACCENT_COLOR_NAME = AccentColor;
				CODE_SIGN_STYLE = Automatic;
				CURRENT_PROJECT_VERSION = 1;
				DEVELOPMENT_TEAM = G5XMK8GS2L;
				GENERATE_INFOPLIST_FILE = YES;
				INFOPLIST_FILE = WiLinkIOSSmartLinkExample/Info.plist;
				INFOPLIST_KEY_UIApplicationSupportsIndirectInputEvents = YES;
				INFOPLIST_KEY_UILaunchStoryboardName = LaunchScreen;
				INFOPLIST_KEY_UIMainStoryboardFile = Main;
				INFOPLIST_KEY_UISupportedInterfaceOrientations = UIInterfaceOrientationPortrait;
				INFOPLIST_KEY_UISupportedInterfaceOrientations_iPad = "UIInterfaceOrientationPortrait UIInterfaceOrientationPortraitUpsideDown UIInterfaceOrientationLandscapeLeft UIInterfaceOrientationLandscapeRight";
				INFOPLIST_KEY_UISupportedInterfaceOrientations_iPhone = "UIInterfaceOrientationPortrait UIInterfaceOrientationLandscapeLeft UIInterfaceOrientationLandscapeRight";
				LD_RUNPATH_SEARCH_PATHS = (
					"$(inherited)",
					"@executable_path/Frameworks",
				);
				MARKETING_VERSION = 1.0;
				PRODUCT_BUNDLE_IDENTIFIER = com.sentray..WiLinkIOSSmartLinkExample;
				PRODUCT_NAME = "$(TARGET_NAME)";
				SWIFT_EMIT_LOC_STRINGS = YES;
				TARGETED_DEVICE_FAMILY = 1;
			};
			name = Release;
		};
/* End XCBuildConfiguration section */

/* Begin XCConfigurationList section */
		B59FBBE22893DE7F00BE2449 /* Build configuration list for PBXProject "WiLinkIOSSmartLinkExample" */ = {
			isa = XCConfigurationList;
			buildConfigurations = (
				B59FBBFE2893DE8000BE2449 /* Debug */,
				B59FBBFF2893DE8000BE2449 /* Release */,
			);
			defaultConfigurationIsVisible = 0;
			defaultConfigurationName = Release;
		};
		B59FBC002893DE8000BE2449 /* Build configuration list for PBXNativeTarget "WiLinkIOSSmartLinkExample" */ = {
			isa = XCConfigurationList;
			buildConfigurations = (
				B59FBC012893DE8000BE2449 /* Debug */,
				B59FBC022893DE8000BE2449 /* Release */,
			);
			defaultConfigurationIsVisible = 0;
			defaultConfigurationName = Release;
		};
/* End XCConfigurationList section */
	};
	rootObject = B59FBBDF2893DE7F00BE2449 /* Project object */;
}
